// !$*UTF8*$!
{
	archiveVersion = 1;
	classes = {
	};
	objectVersion = 51;
	objects = {

/* Begin PBXBuildFile section */
		297F7F55965584A13309010F /* Pods_TheMovieTests.framework in Frameworks */ = {isa = PBXBuildFile; fileRef = 40087C089452AEA33F273391 /* Pods_TheMovieTests.framework */; };
		6EA867712351559F00EDC0B4 /* AppDelegate.swift in Sources */ = {isa = PBXBuildFile; fileRef = 6EA867702351559F00EDC0B4 /* AppDelegate.swift */; };
		6EA867732351559F00EDC0B4 /* SceneDelegate.swift in Sources */ = {isa = PBXBuildFile; fileRef = 6EA867722351559F00EDC0B4 /* SceneDelegate.swift */; };
		6EA8677B2351559F00EDC0B4 /* TheMovie.xcdatamodeld in Sources */ = {isa = PBXBuildFile; fileRef = 6EA867792351559F00EDC0B4 /* TheMovie.xcdatamodeld */; };
		6EA8677D235155A100EDC0B4 /* Assets.xcassets in Resources */ = {isa = PBXBuildFile; fileRef = 6EA8677C235155A100EDC0B4 /* Assets.xcassets */; };
		6EA86780235155A100EDC0B4 /* LaunchScreen.storyboard in Resources */ = {isa = PBXBuildFile; fileRef = 6EA8677E235155A100EDC0B4 /* LaunchScreen.storyboard */; };
		6EA8678B235155A200EDC0B4 /* TheMovieTests.swift in Sources */ = {isa = PBXBuildFile; fileRef = 6EA8678A235155A200EDC0B4 /* TheMovieTests.swift */; };
		6EA86796235155A200EDC0B4 /* TheMovieUITests.swift in Sources */ = {isa = PBXBuildFile; fileRef = 6EA86795235155A200EDC0B4 /* TheMovieUITests.swift */; };
		6EA867A523515D8100EDC0B4 /* BaseViewController.swift in Sources */ = {isa = PBXBuildFile; fileRef = 6EA867A423515D8100EDC0B4 /* BaseViewController.swift */; };
		6EA867A723515EA500EDC0B4 /* Coordinator.swift in Sources */ = {isa = PBXBuildFile; fileRef = 6EA867A623515EA500EDC0B4 /* Coordinator.swift */; };
		6EA867AA23515FCB00EDC0B4 /* AppCoordinator.swift in Sources */ = {isa = PBXBuildFile; fileRef = 6EA867A923515FCB00EDC0B4 /* AppCoordinator.swift */; };
		6EA867B02351613900EDC0B4 /* UpcomingMoviesViewController.swift in Sources */ = {isa = PBXBuildFile; fileRef = 6EA867AE2351613900EDC0B4 /* UpcomingMoviesViewController.swift */; };
		6EA867B12351613900EDC0B4 /* UpcomingMoviesViewController.xib in Resources */ = {isa = PBXBuildFile; fileRef = 6EA867AF2351613900EDC0B4 /* UpcomingMoviesViewController.xib */; };
		6EA867B32351617700EDC0B4 /* UpcomingMoviesCoordinator.swift in Sources */ = {isa = PBXBuildFile; fileRef = 6EA867B22351617700EDC0B4 /* UpcomingMoviesCoordinator.swift */; };
		6EA867B52351630500EDC0B4 /* UpcomingMovieViewModel.swift in Sources */ = {isa = PBXBuildFile; fileRef = 6EA867B42351630500EDC0B4 /* UpcomingMovieViewModel.swift */; };
		6EA867B92351676800EDC0B4 /* MovieCollectionViewCell.swift in Sources */ = {isa = PBXBuildFile; fileRef = 6EA867B72351676800EDC0B4 /* MovieCollectionViewCell.swift */; };
		6EA867BA2351676800EDC0B4 /* MovieCollectionViewCell.xib in Resources */ = {isa = PBXBuildFile; fileRef = 6EA867B82351676800EDC0B4 /* MovieCollectionViewCell.xib */; };
		6EA867BF2351696200EDC0B4 /* CustomView.swift in Sources */ = {isa = PBXBuildFile; fileRef = 6EA867BE2351696200EDC0B4 /* CustomView.swift */; };
		6EA867C12351698C00EDC0B4 /* CustomLabel.swift in Sources */ = {isa = PBXBuildFile; fileRef = 6EA867C02351698C00EDC0B4 /* CustomLabel.swift */; };
		6EA867C3235169C600EDC0B4 /* CustomButton.swift in Sources */ = {isa = PBXBuildFile; fileRef = 6EA867C2235169C600EDC0B4 /* CustomButton.swift */; };
		6EA867C623516CF100EDC0B4 /* Movie.swift in Sources */ = {isa = PBXBuildFile; fileRef = 6EA867C523516CF100EDC0B4 /* Movie.swift */; };
		6EA867C923516D2D00EDC0B4 /* Constants.swift in Sources */ = {isa = PBXBuildFile; fileRef = 6EA867C823516D2D00EDC0B4 /* Constants.swift */; };
		6EA867CC23516DBD00EDC0B4 /* ImageViewLoader.swift in Sources */ = {isa = PBXBuildFile; fileRef = 6EA867CB23516DBD00EDC0B4 /* ImageViewLoader.swift */; };
		6EA867CF23516E7000EDC0B4 /* API.swift in Sources */ = {isa = PBXBuildFile; fileRef = 6EA867CE23516E7000EDC0B4 /* API.swift */; };
		6EA867D323516EFC00EDC0B4 /* APIMovie.swift in Sources */ = {isa = PBXBuildFile; fileRef = 6EA867D223516EFC00EDC0B4 /* APIMovie.swift */; };
		6EA867D523516F2600EDC0B4 /* MovieResponse.swift in Sources */ = {isa = PBXBuildFile; fileRef = 6EA867D423516F2600EDC0B4 /* MovieResponse.swift */; };
		6EA867D723516F9700EDC0B4 /* MovieDetails.swift in Sources */ = {isa = PBXBuildFile; fileRef = 6EA867D623516F9700EDC0B4 /* MovieDetails.swift */; };
		6EA867D923516FE300EDC0B4 /* Genre.swift in Sources */ = {isa = PBXBuildFile; fileRef = 6EA867D823516FE300EDC0B4 /* Genre.swift */; };
		6EA867DB23516FFA00EDC0B4 /* Companies.swift in Sources */ = {isa = PBXBuildFile; fileRef = 6EA867DA23516FFA00EDC0B4 /* Companies.swift */; };
		6EA867DD2351701A00EDC0B4 /* Country.swift in Sources */ = {isa = PBXBuildFile; fileRef = 6EA867DC2351701A00EDC0B4 /* Country.swift */; };
		6EA867DF2351702D00EDC0B4 /* Language.swift in Sources */ = {isa = PBXBuildFile; fileRef = 6EA867DE2351702D00EDC0B4 /* Language.swift */; };
		6EA867E1235170B200EDC0B4 /* QueryMovie.swift in Sources */ = {isa = PBXBuildFile; fileRef = 6EA867E0235170B200EDC0B4 /* QueryMovie.swift */; };
		6EA867E423517CB800EDC0B4 /* MovieDetailsViewController.swift in Sources */ = {isa = PBXBuildFile; fileRef = 6EA867E223517CB800EDC0B4 /* MovieDetailsViewController.swift */; };
		6EA867E523517CB800EDC0B4 /* MovieDetailsViewController.xib in Resources */ = {isa = PBXBuildFile; fileRef = 6EA867E323517CB800EDC0B4 /* MovieDetailsViewController.xib */; };
		6EA867E923517D1E00EDC0B4 /* MovieDetailsViewModel.swift in Sources */ = {isa = PBXBuildFile; fileRef = 6EA867E823517D1E00EDC0B4 /* MovieDetailsViewModel.swift */; };
		6EAAB9CD2352051C0059EE4B /* UpcomingViewModelCoordinadorDelegate.swift in Sources */ = {isa = PBXBuildFile; fileRef = 6EAAB9CC2352051C0059EE4B /* UpcomingViewModelCoordinadorDelegate.swift */; };
		6EAAB9CF235205460059EE4B /* UpcomingViewModelDelegate.swift in Sources */ = {isa = PBXBuildFile; fileRef = 6EAAB9CE235205460059EE4B /* UpcomingViewModelDelegate.swift */; };
		6EAAB9D1235205AE0059EE4B /* UpcomingViewModelType.swift in Sources */ = {isa = PBXBuildFile; fileRef = 6EAAB9D0235205AE0059EE4B /* UpcomingViewModelType.swift */; };
		6EAAB9D323521C660059EE4B /* MovieDetailsViewModelType.swift in Sources */ = {isa = PBXBuildFile; fileRef = 6EAAB9D223521C660059EE4B /* MovieDetailsViewModelType.swift */; };
		6EAAB9D523521D100059EE4B /* MovieDetailsViewModelDelegate.swift in Sources */ = {isa = PBXBuildFile; fileRef = 6EAAB9D423521D100059EE4B /* MovieDetailsViewModelDelegate.swift */; };
		6EAAB9D723521D2F0059EE4B /* MovieDetailsCoordinatorDelegate.swift in Sources */ = {isa = PBXBuildFile; fileRef = 6EAAB9D623521D2F0059EE4B /* MovieDetailsCoordinatorDelegate.swift */; };
		805CA9B8337F9A4F8FE6A5E2 /* Pods_TheMovie.framework in Frameworks */ = {isa = PBXBuildFile; fileRef = 2D25241E4B78823882C50298 /* Pods_TheMovie.framework */; };
		D3AB8CBF33357D693F2B0225 /* Pods_TheMovieUITests.framework in Frameworks */ = {isa = PBXBuildFile; fileRef = 3CFE06900AF63860CDD5DAD7 /* Pods_TheMovieUITests.framework */; };
/* End PBXBuildFile section */

/* Begin PBXContainerItemProxy section */
		6EA86787235155A100EDC0B4 /* PBXContainerItemProxy */ = {
			isa = PBXContainerItemProxy;
			containerPortal = 6EA867652351559F00EDC0B4 /* Project object */;
			proxyType = 1;
			remoteGlobalIDString = 6EA8676C2351559F00EDC0B4;
			remoteInfo = TheMovie;
		};
		6EA86792235155A200EDC0B4 /* PBXContainerItemProxy */ = {
			isa = PBXContainerItemProxy;
			containerPortal = 6EA867652351559F00EDC0B4 /* Project object */;
			proxyType = 1;
			remoteGlobalIDString = 6EA8676C2351559F00EDC0B4;
			remoteInfo = TheMovie;
		};
/* End PBXContainerItemProxy section */

/* Begin PBXFileReference section */
		26D530592825F55EC46E6106 /* Pods-TheMovieUITests.release.xcconfig */ = {isa = PBXFileReference; includeInIndex = 1; lastKnownFileType = text.xcconfig; name = "Pods-TheMovieUITests.release.xcconfig"; path = "Target Support Files/Pods-TheMovieUITests/Pods-TheMovieUITests.release.xcconfig"; sourceTree = "<group>"; };
		2D25241E4B78823882C50298 /* Pods_TheMovie.framework */ = {isa = PBXFileReference; explicitFileType = wrapper.framework; includeInIndex = 0; path = Pods_TheMovie.framework; sourceTree = BUILT_PRODUCTS_DIR; };
		3CFE06900AF63860CDD5DAD7 /* Pods_TheMovieUITests.framework */ = {isa = PBXFileReference; explicitFileType = wrapper.framework; includeInIndex = 0; path = Pods_TheMovieUITests.framework; sourceTree = BUILT_PRODUCTS_DIR; };
		40087C089452AEA33F273391 /* Pods_TheMovieTests.framework */ = {isa = PBXFileReference; explicitFileType = wrapper.framework; includeInIndex = 0; path = Pods_TheMovieTests.framework; sourceTree = BUILT_PRODUCTS_DIR; };
		4A20A2B72854BD78AE2F1AB9 /* Pods-TheMovie.debug.xcconfig */ = {isa = PBXFileReference; includeInIndex = 1; lastKnownFileType = text.xcconfig; name = "Pods-TheMovie.debug.xcconfig"; path = "Target Support Files/Pods-TheMovie/Pods-TheMovie.debug.xcconfig"; sourceTree = "<group>"; };
		6103D9B0CFFAFADD63AD43A2 /* Pods-TheMovie.release.xcconfig */ = {isa = PBXFileReference; includeInIndex = 1; lastKnownFileType = text.xcconfig; name = "Pods-TheMovie.release.xcconfig"; path = "Target Support Files/Pods-TheMovie/Pods-TheMovie.release.xcconfig"; sourceTree = "<group>"; };
		64BEC427B7DE80084B9D632E /* Pods-TheMovieTests.debug.xcconfig */ = {isa = PBXFileReference; includeInIndex = 1; lastKnownFileType = text.xcconfig; name = "Pods-TheMovieTests.debug.xcconfig"; path = "Target Support Files/Pods-TheMovieTests/Pods-TheMovieTests.debug.xcconfig"; sourceTree = "<group>"; };
		6EA8676D2351559F00EDC0B4 /* TheMovie.app */ = {isa = PBXFileReference; explicitFileType = wrapper.application; includeInIndex = 0; path = TheMovie.app; sourceTree = BUILT_PRODUCTS_DIR; };
		6EA867702351559F00EDC0B4 /* AppDelegate.swift */ = {isa = PBXFileReference; lastKnownFileType = sourcecode.swift; path = AppDelegate.swift; sourceTree = "<group>"; };
		6EA867722351559F00EDC0B4 /* SceneDelegate.swift */ = {isa = PBXFileReference; lastKnownFileType = sourcecode.swift; path = SceneDelegate.swift; sourceTree = "<group>"; };
		6EA8677A2351559F00EDC0B4 /* TheMovie.xcdatamodel */ = {isa = PBXFileReference; lastKnownFileType = wrapper.xcdatamodel; path = TheMovie.xcdatamodel; sourceTree = "<group>"; };
		6EA8677C235155A100EDC0B4 /* Assets.xcassets */ = {isa = PBXFileReference; lastKnownFileType = folder.assetcatalog; path = Assets.xcassets; sourceTree = "<group>"; };
		6EA8677F235155A100EDC0B4 /* Base */ = {isa = PBXFileReference; lastKnownFileType = file.storyboard; name = Base; path = Base.lproj/LaunchScreen.storyboard; sourceTree = "<group>"; };
		6EA86781235155A100EDC0B4 /* Info.plist */ = {isa = PBXFileReference; lastKnownFileType = text.plist.xml; path = Info.plist; sourceTree = "<group>"; };
		6EA86786235155A100EDC0B4 /* TheMovieTests.xctest */ = {isa = PBXFileReference; explicitFileType = wrapper.cfbundle; includeInIndex = 0; path = TheMovieTests.xctest; sourceTree = BUILT_PRODUCTS_DIR; };
		6EA8678A235155A200EDC0B4 /* TheMovieTests.swift */ = {isa = PBXFileReference; lastKnownFileType = sourcecode.swift; path = TheMovieTests.swift; sourceTree = "<group>"; };
		6EA8678C235155A200EDC0B4 /* Info.plist */ = {isa = PBXFileReference; lastKnownFileType = text.plist.xml; path = Info.plist; sourceTree = "<group>"; };
		6EA86791235155A200EDC0B4 /* TheMovieUITests.xctest */ = {isa = PBXFileReference; explicitFileType = wrapper.cfbundle; includeInIndex = 0; path = TheMovieUITests.xctest; sourceTree = BUILT_PRODUCTS_DIR; };
		6EA86795235155A200EDC0B4 /* TheMovieUITests.swift */ = {isa = PBXFileReference; lastKnownFileType = sourcecode.swift; path = TheMovieUITests.swift; sourceTree = "<group>"; };
		6EA86797235155A200EDC0B4 /* Info.plist */ = {isa = PBXFileReference; lastKnownFileType = text.plist.xml; path = Info.plist; sourceTree = "<group>"; };
		6EA867A423515D8100EDC0B4 /* BaseViewController.swift */ = {isa = PBXFileReference; lastKnownFileType = sourcecode.swift; path = BaseViewController.swift; sourceTree = "<group>"; };
		6EA867A623515EA500EDC0B4 /* Coordinator.swift */ = {isa = PBXFileReference; lastKnownFileType = sourcecode.swift; path = Coordinator.swift; sourceTree = "<group>"; };
		6EA867A923515FCB00EDC0B4 /* AppCoordinator.swift */ = {isa = PBXFileReference; lastKnownFileType = sourcecode.swift; path = AppCoordinator.swift; sourceTree = "<group>"; };
		6EA867AE2351613900EDC0B4 /* UpcomingMoviesViewController.swift */ = {isa = PBXFileReference; lastKnownFileType = sourcecode.swift; path = UpcomingMoviesViewController.swift; sourceTree = "<group>"; };
		6EA867AF2351613900EDC0B4 /* UpcomingMoviesViewController.xib */ = {isa = PBXFileReference; lastKnownFileType = file.xib; path = UpcomingMoviesViewController.xib; sourceTree = "<group>"; };
		6EA867B22351617700EDC0B4 /* UpcomingMoviesCoordinator.swift */ = {isa = PBXFileReference; lastKnownFileType = sourcecode.swift; path = UpcomingMoviesCoordinator.swift; sourceTree = "<group>"; };
		6EA867B42351630500EDC0B4 /* UpcomingMovieViewModel.swift */ = {isa = PBXFileReference; lastKnownFileType = sourcecode.swift; path = UpcomingMovieViewModel.swift; sourceTree = "<group>"; };
		6EA867B72351676800EDC0B4 /* MovieCollectionViewCell.swift */ = {isa = PBXFileReference; lastKnownFileType = sourcecode.swift; path = MovieCollectionViewCell.swift; sourceTree = "<group>"; };
		6EA867B82351676800EDC0B4 /* MovieCollectionViewCell.xib */ = {isa = PBXFileReference; lastKnownFileType = file.xib; path = MovieCollectionViewCell.xib; sourceTree = "<group>"; };
		6EA867BE2351696200EDC0B4 /* CustomView.swift */ = {isa = PBXFileReference; lastKnownFileType = sourcecode.swift; path = CustomView.swift; sourceTree = "<group>"; };
		6EA867C02351698C00EDC0B4 /* CustomLabel.swift */ = {isa = PBXFileReference; lastKnownFileType = sourcecode.swift; path = CustomLabel.swift; sourceTree = "<group>"; };
		6EA867C2235169C600EDC0B4 /* CustomButton.swift */ = {isa = PBXFileReference; lastKnownFileType = sourcecode.swift; path = CustomButton.swift; sourceTree = "<group>"; };
		6EA867C523516CF100EDC0B4 /* Movie.swift */ = {isa = PBXFileReference; lastKnownFileType = sourcecode.swift; path = Movie.swift; sourceTree = "<group>"; };
		6EA867C823516D2D00EDC0B4 /* Constants.swift */ = {isa = PBXFileReference; lastKnownFileType = sourcecode.swift; path = Constants.swift; sourceTree = "<group>"; };
		6EA867CB23516DBD00EDC0B4 /* ImageViewLoader.swift */ = {isa = PBXFileReference; lastKnownFileType = sourcecode.swift; path = ImageViewLoader.swift; sourceTree = "<group>"; };
		6EA867CE23516E7000EDC0B4 /* API.swift */ = {isa = PBXFileReference; lastKnownFileType = sourcecode.swift; path = API.swift; sourceTree = "<group>"; };
		6EA867D223516EFC00EDC0B4 /* APIMovie.swift */ = {isa = PBXFileReference; lastKnownFileType = sourcecode.swift; path = APIMovie.swift; sourceTree = "<group>"; };
		6EA867D423516F2600EDC0B4 /* MovieResponse.swift */ = {isa = PBXFileReference; lastKnownFileType = sourcecode.swift; path = MovieResponse.swift; sourceTree = "<group>"; };
		6EA867D623516F9700EDC0B4 /* MovieDetails.swift */ = {isa = PBXFileReference; lastKnownFileType = sourcecode.swift; path = MovieDetails.swift; sourceTree = "<group>"; };
		6EA867D823516FE300EDC0B4 /* Genre.swift */ = {isa = PBXFileReference; lastKnownFileType = sourcecode.swift; path = Genre.swift; sourceTree = "<group>"; };
		6EA867DA23516FFA00EDC0B4 /* Companies.swift */ = {isa = PBXFileReference; lastKnownFileType = sourcecode.swift; path = Companies.swift; sourceTree = "<group>"; };
		6EA867DC2351701A00EDC0B4 /* Country.swift */ = {isa = PBXFileReference; lastKnownFileType = sourcecode.swift; path = Country.swift; sourceTree = "<group>"; };
		6EA867DE2351702D00EDC0B4 /* Language.swift */ = {isa = PBXFileReference; lastKnownFileType = sourcecode.swift; path = Language.swift; sourceTree = "<group>"; };
		6EA867E0235170B200EDC0B4 /* QueryMovie.swift */ = {isa = PBXFileReference; lastKnownFileType = sourcecode.swift; path = QueryMovie.swift; sourceTree = "<group>"; };
		6EA867E223517CB800EDC0B4 /* MovieDetailsViewController.swift */ = {isa = PBXFileReference; lastKnownFileType = sourcecode.swift; path = MovieDetailsViewController.swift; sourceTree = "<group>"; };
		6EA867E323517CB800EDC0B4 /* MovieDetailsViewController.xib */ = {isa = PBXFileReference; lastKnownFileType = file.xib; path = MovieDetailsViewController.xib; sourceTree = "<group>"; };
		6EA867E823517D1E00EDC0B4 /* MovieDetailsViewModel.swift */ = {isa = PBXFileReference; lastKnownFileType = sourcecode.swift; path = MovieDetailsViewModel.swift; sourceTree = "<group>"; };
		6EAAB9CC2352051C0059EE4B /* UpcomingViewModelCoordinadorDelegate.swift */ = {isa = PBXFileReference; lastKnownFileType = sourcecode.swift; path = UpcomingViewModelCoordinadorDelegate.swift; sourceTree = "<group>"; };
		6EAAB9CE235205460059EE4B /* UpcomingViewModelDelegate.swift */ = {isa = PBXFileReference; lastKnownFileType = sourcecode.swift; path = UpcomingViewModelDelegate.swift; sourceTree = "<group>"; };
		6EAAB9D0235205AE0059EE4B /* UpcomingViewModelType.swift */ = {isa = PBXFileReference; lastKnownFileType = sourcecode.swift; path = UpcomingViewModelType.swift; sourceTree = "<group>"; };
		6EAAB9D223521C660059EE4B /* MovieDetailsViewModelType.swift */ = {isa = PBXFileReference; lastKnownFileType = sourcecode.swift; path = MovieDetailsViewModelType.swift; sourceTree = "<group>"; };
		6EAAB9D423521D100059EE4B /* MovieDetailsViewModelDelegate.swift */ = {isa = PBXFileReference; lastKnownFileType = sourcecode.swift; path = MovieDetailsViewModelDelegate.swift; sourceTree = "<group>"; };
		6EAAB9D623521D2F0059EE4B /* MovieDetailsCoordinatorDelegate.swift */ = {isa = PBXFileReference; lastKnownFileType = sourcecode.swift; path = MovieDetailsCoordinatorDelegate.swift; sourceTree = "<group>"; };
		7B9FD19FBAECBDCFD21006A0 /* Pods-TheMovieUITests.debug.xcconfig */ = {isa = PBXFileReference; includeInIndex = 1; lastKnownFileType = text.xcconfig; name = "Pods-TheMovieUITests.debug.xcconfig"; path = "Target Support Files/Pods-TheMovieUITests/Pods-TheMovieUITests.debug.xcconfig"; sourceTree = "<group>"; };
		86C361B1029C916D5A0CD0DE /* Pods-TheMovieTests.release.xcconfig */ = {isa = PBXFileReference; includeInIndex = 1; lastKnownFileType = text.xcconfig; name = "Pods-TheMovieTests.release.xcconfig"; path = "Target Support Files/Pods-TheMovieTests/Pods-TheMovieTests.release.xcconfig"; sourceTree = "<group>"; };
/* End PBXFileReference section */

/* Begin PBXFrameworksBuildPhase section */
		6EA8676A2351559F00EDC0B4 /* Frameworks */ = {
			isa = PBXFrameworksBuildPhase;
			buildActionMask = 2147483647;
			files = (
				805CA9B8337F9A4F8FE6A5E2 /* Pods_TheMovie.framework in Frameworks */,
			);
			runOnlyForDeploymentPostprocessing = 0;
		};
		6EA86783235155A100EDC0B4 /* Frameworks */ = {
			isa = PBXFrameworksBuildPhase;
			buildActionMask = 2147483647;
			files = (
				297F7F55965584A13309010F /* Pods_TheMovieTests.framework in Frameworks */,
			);
			runOnlyForDeploymentPostprocessing = 0;
		};
		6EA8678E235155A200EDC0B4 /* Frameworks */ = {
			isa = PBXFrameworksBuildPhase;
			buildActionMask = 2147483647;
			files = (
				D3AB8CBF33357D693F2B0225 /* Pods_TheMovieUITests.framework in Frameworks */,
			);
			runOnlyForDeploymentPostprocessing = 0;
		};
/* End PBXFrameworksBuildPhase section */

/* Begin PBXGroup section */
		482787055FD910CBB97F57EC /* Frameworks */ = {
			isa = PBXGroup;
			children = (
				2D25241E4B78823882C50298 /* Pods_TheMovie.framework */,
				40087C089452AEA33F273391 /* Pods_TheMovieTests.framework */,
				3CFE06900AF63860CDD5DAD7 /* Pods_TheMovieUITests.framework */,
			);
			name = Frameworks;
			sourceTree = "<group>";
		};
		6EA867642351559F00EDC0B4 = {
			isa = PBXGroup;
			children = (
				6EA8676F2351559F00EDC0B4 /* TheMovie */,
				6EA86789235155A100EDC0B4 /* TheMovieTests */,
				6EA86794235155A200EDC0B4 /* TheMovieUITests */,
				6EA8676E2351559F00EDC0B4 /* Products */,
				9CD8B3BBF9C0C84E988C5949 /* Pods */,
				482787055FD910CBB97F57EC /* Frameworks */,
			);
			sourceTree = "<group>";
		};
		6EA8676E2351559F00EDC0B4 /* Products */ = {
			isa = PBXGroup;
			children = (
				6EA8676D2351559F00EDC0B4 /* TheMovie.app */,
				6EA86786235155A100EDC0B4 /* TheMovieTests.xctest */,
				6EA86791235155A200EDC0B4 /* TheMovieUITests.xctest */,
			);
			name = Products;
			sourceTree = "<group>";
		};
		6EA8676F2351559F00EDC0B4 /* TheMovie */ = {
			isa = PBXGroup;
			children = (
				6EA867702351559F00EDC0B4 /* AppDelegate.swift */,
				6EA867A923515FCB00EDC0B4 /* AppCoordinator.swift */,
				6EA867722351559F00EDC0B4 /* SceneDelegate.swift */,
				6EA8677E235155A100EDC0B4 /* LaunchScreen.storyboard */,
				6EA867A323515D5000EDC0B4 /* Abstract */,
				6EA867C723516D1C00EDC0B4 /* Common */,
				6EA867BD235168FE00EDC0B4 /* Components */,
				6EA867BC235168EF00EDC0B4 /* Extensions */,
				6EA867CD23516E3600EDC0B4 /* Service */,
				6EA867CA23516D8400EDC0B4 /* Features */,
				6EA8677C235155A100EDC0B4 /* Assets.xcassets */,
				6EA86781235155A100EDC0B4 /* Info.plist */,
				6EA867792351559F00EDC0B4 /* TheMovie.xcdatamodeld */,
			);
			path = TheMovie;
			sourceTree = "<group>";
		};
		6EA86789235155A100EDC0B4 /* TheMovieTests */ = {
			isa = PBXGroup;
			children = (
				6EA8678A235155A200EDC0B4 /* TheMovieTests.swift */,
				6EA8678C235155A200EDC0B4 /* Info.plist */,
			);
			path = TheMovieTests;
			sourceTree = "<group>";
		};
		6EA86794235155A200EDC0B4 /* TheMovieUITests */ = {
			isa = PBXGroup;
			children = (
				6EA86795235155A200EDC0B4 /* TheMovieUITests.swift */,
				6EA86797235155A200EDC0B4 /* Info.plist */,
			);
			path = TheMovieUITests;
			sourceTree = "<group>";
		};
		6EA867A323515D5000EDC0B4 /* Abstract */ = {
			isa = PBXGroup;
			children = (
				6EA867A423515D8100EDC0B4 /* BaseViewController.swift */,
				6EA867A623515EA500EDC0B4 /* Coordinator.swift */,
			);
			path = Abstract;
			sourceTree = "<group>";
		};
		6EA867A823515F4300EDC0B4 /*  Movies */ = {
			isa = PBXGroup;
			children = (
				6EA867AC235160BE00EDC0B4 /* Coordinator */,
				6EA867C423516C8300EDC0B4 /* Model */,
				6EA867AD235160EB00EDC0B4 /* View */,
				6EA867AB235160B400EDC0B4 /* ViewModel */,
			);
			path = " Movies";
			sourceTree = "<group>";
		};
		6EA867AB235160B400EDC0B4 /* ViewModel */ = {
			isa = PBXGroup;
			children = (
				6EAAB9CA235204AF0059EE4B /* Upcoming Movie */,
				6EAAB9CB235204C40059EE4B /* Movie Details */,
			);
			path = ViewModel;
			sourceTree = "<group>";
		};
		6EA867AC235160BE00EDC0B4 /* Coordinator */ = {
			isa = PBXGroup;
			children = (
				6EA867B22351617700EDC0B4 /* UpcomingMoviesCoordinator.swift */,
			);
			path = Coordinator;
			sourceTree = "<group>";
		};
		6EA867AD235160EB00EDC0B4 /* View */ = {
			isa = PBXGroup;
			children = (
				6EA867BB2351683400EDC0B4 /* Controller */,
				6EA867B62351671100EDC0B4 /* Collection */,
			);
			path = View;
			sourceTree = "<group>";
		};
		6EA867B62351671100EDC0B4 /* Collection */ = {
			isa = PBXGroup;
			children = (
				6EA867B72351676800EDC0B4 /* MovieCollectionViewCell.swift */,
				6EA867B82351676800EDC0B4 /* MovieCollectionViewCell.xib */,
			);
			path = Collection;
			sourceTree = "<group>";
		};
		6EA867BB2351683400EDC0B4 /* Controller */ = {
			isa = PBXGroup;
			children = (
				6EA867E623517CC900EDC0B4 /* Upcoming Movie */,
				6EA867E723517CDD00EDC0B4 /* Movie Details */,
			);
			path = Controller;
			sourceTree = "<group>";
		};
		6EA867BC235168EF00EDC0B4 /* Extensions */ = {
			isa = PBXGroup;
			children = (
				6EA867CB23516DBD00EDC0B4 /* ImageViewLoader.swift */,
			);
			path = Extensions;
			sourceTree = "<group>";
		};
		6EA867BD235168FE00EDC0B4 /* Components */ = {
			isa = PBXGroup;
			children = (
				6EA867BE2351696200EDC0B4 /* CustomView.swift */,
				6EA867C02351698C00EDC0B4 /* CustomLabel.swift */,
				6EA867C2235169C600EDC0B4 /* CustomButton.swift */,
			);
			path = Components;
			sourceTree = "<group>";
		};
		6EA867C423516C8300EDC0B4 /* Model */ = {
			isa = PBXGroup;
			children = (
				6EA867C523516CF100EDC0B4 /* Movie.swift */,
				6EA867D623516F9700EDC0B4 /* MovieDetails.swift */,
				6EA867D823516FE300EDC0B4 /* Genre.swift */,
				6EA867DA23516FFA00EDC0B4 /* Companies.swift */,
				6EA867DC2351701A00EDC0B4 /* Country.swift */,
				6EA867DE2351702D00EDC0B4 /* Language.swift */,
			);
			path = Model;
			sourceTree = "<group>";
		};
		6EA867C723516D1C00EDC0B4 /* Common */ = {
			isa = PBXGroup;
			children = (
				6EA867C823516D2D00EDC0B4 /* Constants.swift */,
			);
			path = Common;
			sourceTree = "<group>";
		};
		6EA867CA23516D8400EDC0B4 /* Features */ = {
			isa = PBXGroup;
			children = (
				6EA867A823515F4300EDC0B4 /*  Movies */,
			);
			path = Features;
			sourceTree = "<group>";
		};
		6EA867CD23516E3600EDC0B4 /* Service */ = {
			isa = PBXGroup;
			children = (
				6EA867CE23516E7000EDC0B4 /* API.swift */,
				6EA867D023516EC000EDC0B4 /* Model */,
				6EA867D123516EDA00EDC0B4 /* Endpoints */,
			);
			path = Service;
			sourceTree = "<group>";
		};
		6EA867D023516EC000EDC0B4 /* Model */ = {
			isa = PBXGroup;
			children = (
				6EA867D423516F2600EDC0B4 /* MovieResponse.swift */,
				6EA867E0235170B200EDC0B4 /* QueryMovie.swift */,
			);
			path = Model;
			sourceTree = "<group>";
		};
		6EA867D123516EDA00EDC0B4 /* Endpoints */ = {
			isa = PBXGroup;
			children = (
				6EA867D223516EFC00EDC0B4 /* APIMovie.swift */,
			);
			path = Endpoints;
			sourceTree = "<group>";
		};
		6EA867E623517CC900EDC0B4 /* Upcoming Movie */ = {
			isa = PBXGroup;
			children = (
				6EA867AE2351613900EDC0B4 /* UpcomingMoviesViewController.swift */,
				6EA867AF2351613900EDC0B4 /* UpcomingMoviesViewController.xib */,
			);
			path = "Upcoming Movie";
			sourceTree = "<group>";
		};
		6EA867E723517CDD00EDC0B4 /* Movie Details */ = {
			isa = PBXGroup;
			children = (
				6EA867E223517CB800EDC0B4 /* MovieDetailsViewController.swift */,
				6EA867E323517CB800EDC0B4 /* MovieDetailsViewController.xib */,
			);
			path = "Movie Details";
			sourceTree = "<group>";
		};
		6EAAB9CA235204AF0059EE4B /* Upcoming Movie */ = {
			isa = PBXGroup;
			children = (
				6EAAB9CC2352051C0059EE4B /* UpcomingViewModelCoordinadorDelegate.swift */,
				6EAAB9CE235205460059EE4B /* UpcomingViewModelDelegate.swift */,
				6EAAB9D0235205AE0059EE4B /* UpcomingViewModelType.swift */,
				6EA867B42351630500EDC0B4 /* UpcomingMovieViewModel.swift */,
			);
			path = "Upcoming Movie";
			sourceTree = "<group>";
		};
		6EAAB9CB235204C40059EE4B /* Movie Details */ = {
			isa = PBXGroup;
			children = (
				6EAAB9D623521D2F0059EE4B /* MovieDetailsCoordinatorDelegate.swift */,
				6EAAB9D423521D100059EE4B /* MovieDetailsViewModelDelegate.swift */,
				6EAAB9D223521C660059EE4B /* MovieDetailsViewModelType.swift */,
				6EA867E823517D1E00EDC0B4 /* MovieDetailsViewModel.swift */,
			);
			path = "Movie Details";
			sourceTree = "<group>";
		};
		9CD8B3BBF9C0C84E988C5949 /* Pods */ = {
			isa = PBXGroup;
			children = (
				4A20A2B72854BD78AE2F1AB9 /* Pods-TheMovie.debug.xcconfig */,
				6103D9B0CFFAFADD63AD43A2 /* Pods-TheMovie.release.xcconfig */,
				64BEC427B7DE80084B9D632E /* Pods-TheMovieTests.debug.xcconfig */,
				86C361B1029C916D5A0CD0DE /* Pods-TheMovieTests.release.xcconfig */,
				7B9FD19FBAECBDCFD21006A0 /* Pods-TheMovieUITests.debug.xcconfig */,
				26D530592825F55EC46E6106 /* Pods-TheMovieUITests.release.xcconfig */,
			);
			path = Pods;
			sourceTree = "<group>";
		};
/* End PBXGroup section */

/* Begin PBXNativeTarget section */
		6EA8676C2351559F00EDC0B4 /* TheMovie */ = {
			isa = PBXNativeTarget;
			buildConfigurationList = 6EA8679A235155A200EDC0B4 /* Build configuration list for PBXNativeTarget "TheMovie" */;
			buildPhases = (
				3B6AE09753ED08A8BB8CE2A1 /* [CP] Check Pods Manifest.lock */,
				6EA867692351559F00EDC0B4 /* Sources */,
				6EA8676A2351559F00EDC0B4 /* Frameworks */,
				6EA8676B2351559F00EDC0B4 /* Resources */,
				3FB28851F574C9CC2C6967B8 /* [CP] Embed Pods Frameworks */,
			);
			buildRules = (
			);
			dependencies = (
			);
			name = TheMovie;
			productName = TheMovie;
			productReference = 6EA8676D2351559F00EDC0B4 /* TheMovie.app */;
			productType = "com.apple.product-type.application";
		};
		6EA86785235155A100EDC0B4 /* TheMovieTests */ = {
			isa = PBXNativeTarget;
			buildConfigurationList = 6EA8679D235155A200EDC0B4 /* Build configuration list for PBXNativeTarget "TheMovieTests" */;
			buildPhases = (
				4056CFD88B8DC37CB0728926 /* [CP] Check Pods Manifest.lock */,
				6EA86782235155A100EDC0B4 /* Sources */,
				6EA86783235155A100EDC0B4 /* Frameworks */,
				6EA86784235155A100EDC0B4 /* Resources */,
			);
			buildRules = (
			);
			dependencies = (
				6EA86788235155A100EDC0B4 /* PBXTargetDependency */,
			);
			name = TheMovieTests;
			productName = TheMovieTests;
			productReference = 6EA86786235155A100EDC0B4 /* TheMovieTests.xctest */;
			productType = "com.apple.product-type.bundle.unit-test";
		};
		6EA86790235155A200EDC0B4 /* TheMovieUITests */ = {
			isa = PBXNativeTarget;
			buildConfigurationList = 6EA867A0235155A200EDC0B4 /* Build configuration list for PBXNativeTarget "TheMovieUITests" */;
			buildPhases = (
				5D0CA33D075997FFBC0B2341 /* [CP] Check Pods Manifest.lock */,
				6EA8678D235155A200EDC0B4 /* Sources */,
				6EA8678E235155A200EDC0B4 /* Frameworks */,
				6EA8678F235155A200EDC0B4 /* Resources */,
			);
			buildRules = (
			);
			dependencies = (
				6EA86793235155A200EDC0B4 /* PBXTargetDependency */,
			);
			name = TheMovieUITests;
			productName = TheMovieUITests;
			productReference = 6EA86791235155A200EDC0B4 /* TheMovieUITests.xctest */;
			productType = "com.apple.product-type.bundle.ui-testing";
		};
/* End PBXNativeTarget section */

/* Begin PBXProject section */
		6EA867652351559F00EDC0B4 /* Project object */ = {
			isa = PBXProject;
			attributes = {
				LastSwiftUpdateCheck = 1100;
				LastUpgradeCheck = 1100;
				ORGANIZATIONNAME = "Vinicius Rodrigues";
				TargetAttributes = {
					6EA8676C2351559F00EDC0B4 = {
						CreatedOnToolsVersion = 11.0;
					};
					6EA86785235155A100EDC0B4 = {
						CreatedOnToolsVersion = 11.0;
						TestTargetID = 6EA8676C2351559F00EDC0B4;
					};
					6EA86790235155A200EDC0B4 = {
						CreatedOnToolsVersion = 11.0;
						TestTargetID = 6EA8676C2351559F00EDC0B4;
					};
				};
			};
			buildConfigurationList = 6EA867682351559F00EDC0B4 /* Build configuration list for PBXProject "TheMovie" */;
			compatibilityVersion = "Xcode 9.3";
			developmentRegion = en;
			hasScannedForEncodings = 0;
			knownRegions = (
				en,
				Base,
			);
			mainGroup = 6EA867642351559F00EDC0B4;
			productRefGroup = 6EA8676E2351559F00EDC0B4 /* Products */;
			projectDirPath = "";
			projectRoot = "";
			targets = (
				6EA8676C2351559F00EDC0B4 /* TheMovie */,
				6EA86785235155A100EDC0B4 /* TheMovieTests */,
				6EA86790235155A200EDC0B4 /* TheMovieUITests */,
			);
		};
/* End PBXProject section */

/* Begin PBXResourcesBuildPhase section */
		6EA8676B2351559F00EDC0B4 /* Resources */ = {
			isa = PBXResourcesBuildPhase;
			buildActionMask = 2147483647;
			files = (
				6EA867B12351613900EDC0B4 /* UpcomingMoviesViewController.xib in Resources */,
				6EA86780235155A100EDC0B4 /* LaunchScreen.storyboard in Resources */,
				6EA8677D235155A100EDC0B4 /* Assets.xcassets in Resources */,
				6EA867BA2351676800EDC0B4 /* MovieCollectionViewCell.xib in Resources */,
				6EA867E523517CB800EDC0B4 /* MovieDetailsViewController.xib in Resources */,
			);
			runOnlyForDeploymentPostprocessing = 0;
		};
		6EA86784235155A100EDC0B4 /* Resources */ = {
			isa = PBXResourcesBuildPhase;
			buildActionMask = 2147483647;
			files = (
			);
			runOnlyForDeploymentPostprocessing = 0;
		};
		6EA8678F235155A200EDC0B4 /* Resources */ = {
			isa = PBXResourcesBuildPhase;
			buildActionMask = 2147483647;
			files = (
			);
			runOnlyForDeploymentPostprocessing = 0;
		};
/* End PBXResourcesBuildPhase section */

/* Begin PBXShellScriptBuildPhase section */
		3B6AE09753ED08A8BB8CE2A1 /* [CP] Check Pods Manifest.lock */ = {
			isa = PBXShellScriptBuildPhase;
			buildActionMask = 2147483647;
			files = (
			);
			inputFileListPaths = (
			);
			inputPaths = (
				"${PODS_PODFILE_DIR_PATH}/Podfile.lock",
				"${PODS_ROOT}/Manifest.lock",
			);
			name = "[CP] Check Pods Manifest.lock";
			outputFileListPaths = (
			);
			outputPaths = (
				"$(DERIVED_FILE_DIR)/Pods-TheMovie-checkManifestLockResult.txt",
			);
			runOnlyForDeploymentPostprocessing = 0;
			shellPath = /bin/sh;
			shellScript = "diff \"${PODS_PODFILE_DIR_PATH}/Podfile.lock\" \"${PODS_ROOT}/Manifest.lock\" > /dev/null\nif [ $? != 0 ] ; then\n    # print error to STDERR\n    echo \"error: The sandbox is not in sync with the Podfile.lock. Run 'pod install' or update your CocoaPods installation.\" >&2\n    exit 1\nfi\n# This output is used by Xcode 'outputs' to avoid re-running this script phase.\necho \"SUCCESS\" > \"${SCRIPT_OUTPUT_FILE_0}\"\n";
			showEnvVarsInLog = 0;
		};
		3FB28851F574C9CC2C6967B8 /* [CP] Embed Pods Frameworks */ = {
			isa = PBXShellScriptBuildPhase;
			buildActionMask = 2147483647;
			files = (
			);
			inputFileListPaths = (
				"${PODS_ROOT}/Target Support Files/Pods-TheMovie/Pods-TheMovie-frameworks-${CONFIGURATION}-input-files.xcfilelist",
			);
			name = "[CP] Embed Pods Frameworks";
			outputFileListPaths = (
				"${PODS_ROOT}/Target Support Files/Pods-TheMovie/Pods-TheMovie-frameworks-${CONFIGURATION}-output-files.xcfilelist",
			);
			runOnlyForDeploymentPostprocessing = 0;
			shellPath = /bin/sh;
			shellScript = "\"${PODS_ROOT}/Target Support Files/Pods-TheMovie/Pods-TheMovie-frameworks.sh\"\n";
			showEnvVarsInLog = 0;
		};
		4056CFD88B8DC37CB0728926 /* [CP] Check Pods Manifest.lock */ = {
			isa = PBXShellScriptBuildPhase;
			buildActionMask = 2147483647;
			files = (
			);
			inputFileListPaths = (
			);
			inputPaths = (
				"${PODS_PODFILE_DIR_PATH}/Podfile.lock",
				"${PODS_ROOT}/Manifest.lock",
			);
			name = "[CP] Check Pods Manifest.lock";
			outputFileListPaths = (
			);
			outputPaths = (
				"$(DERIVED_FILE_DIR)/Pods-TheMovieTests-checkManifestLockResult.txt",
			);
			runOnlyForDeploymentPostprocessing = 0;
			shellPath = /bin/sh;
			shellScript = "diff \"${PODS_PODFILE_DIR_PATH}/Podfile.lock\" \"${PODS_ROOT}/Manifest.lock\" > /dev/null\nif [ $? != 0 ] ; then\n    # print error to STDERR\n    echo \"error: The sandbox is not in sync with the Podfile.lock. Run 'pod install' or update your CocoaPods installation.\" >&2\n    exit 1\nfi\n# This output is used by Xcode 'outputs' to avoid re-running this script phase.\necho \"SUCCESS\" > \"${SCRIPT_OUTPUT_FILE_0}\"\n";
			showEnvVarsInLog = 0;
		};
		5D0CA33D075997FFBC0B2341 /* [CP] Check Pods Manifest.lock */ = {
			isa = PBXShellScriptBuildPhase;
			buildActionMask = 2147483647;
			files = (
			);
			inputFileListPaths = (
			);
			inputPaths = (
				"${PODS_PODFILE_DIR_PATH}/Podfile.lock",
				"${PODS_ROOT}/Manifest.lock",
			);
			name = "[CP] Check Pods Manifest.lock";
			outputFileListPaths = (
			);
			outputPaths = (
				"$(DERIVED_FILE_DIR)/Pods-TheMovieUITests-checkManifestLockResult.txt",
			);
			runOnlyForDeploymentPostprocessing = 0;
			shellPath = /bin/sh;
			shellScript = "diff \"${PODS_PODFILE_DIR_PATH}/Podfile.lock\" \"${PODS_ROOT}/Manifest.lock\" > /dev/null\nif [ $? != 0 ] ; then\n    # print error to STDERR\n    echo \"error: The sandbox is not in sync with the Podfile.lock. Run 'pod install' or update your CocoaPods installation.\" >&2\n    exit 1\nfi\n# This output is used by Xcode 'outputs' to avoid re-running this script phase.\necho \"SUCCESS\" > \"${SCRIPT_OUTPUT_FILE_0}\"\n";
			showEnvVarsInLog = 0;
		};
/* End PBXShellScriptBuildPhase section */

/* Begin PBXSourcesBuildPhase section */
		6EA867692351559F00EDC0B4 /* Sources */ = {
			isa = PBXSourcesBuildPhase;
			buildActionMask = 2147483647;
			files = (
				6EA867C623516CF100EDC0B4 /* Movie.swift in Sources */,
				6EA867C3235169C600EDC0B4 /* CustomButton.swift in Sources */,
				6EA867E423517CB800EDC0B4 /* MovieDetailsViewController.swift in Sources */,
				6EAAB9D523521D100059EE4B /* MovieDetailsViewModelDelegate.swift in Sources */,
				6EA867A523515D8100EDC0B4 /* BaseViewController.swift in Sources */,
				6EA867D723516F9700EDC0B4 /* MovieDetails.swift in Sources */,
				6EA867A723515EA500EDC0B4 /* Coordinator.swift in Sources */,
				6EA867D523516F2600EDC0B4 /* MovieResponse.swift in Sources */,
				6EA867D923516FE300EDC0B4 /* Genre.swift in Sources */,
				6EA867B52351630500EDC0B4 /* UpcomingMovieViewModel.swift in Sources */,
				6EA867CC23516DBD00EDC0B4 /* ImageViewLoader.swift in Sources */,
				6EAAB9D323521C660059EE4B /* MovieDetailsViewModelType.swift in Sources */,
				6EAAB9D1235205AE0059EE4B /* UpcomingViewModelType.swift in Sources */,
				6EA867DD2351701A00EDC0B4 /* Country.swift in Sources */,
				6EA867C923516D2D00EDC0B4 /* Constants.swift in Sources */,
				6EA867B02351613900EDC0B4 /* UpcomingMoviesViewController.swift in Sources */,
				6EA867B32351617700EDC0B4 /* UpcomingMoviesCoordinator.swift in Sources */,
				6EA867712351559F00EDC0B4 /* AppDelegate.swift in Sources */,
				6EA867BF2351696200EDC0B4 /* CustomView.swift in Sources */,
				6EAAB9D723521D2F0059EE4B /* MovieDetailsCoordinatorDelegate.swift in Sources */,
				6EA867D323516EFC00EDC0B4 /* APIMovie.swift in Sources */,
				6EA867E1235170B200EDC0B4 /* QueryMovie.swift in Sources */,
				6EA867C12351698C00EDC0B4 /* CustomLabel.swift in Sources */,
				6EA8677B2351559F00EDC0B4 /* TheMovie.xcdatamodeld in Sources */,
				6EA867DB23516FFA00EDC0B4 /* Companies.swift in Sources */,
				6EA867B92351676800EDC0B4 /* MovieCollectionViewCell.swift in Sources */,
				6EA867732351559F00EDC0B4 /* SceneDelegate.swift in Sources */,
				6EA867DF2351702D00EDC0B4 /* Language.swift in Sources */,
				6EAAB9CF235205460059EE4B /* UpcomingViewModelDelegate.swift in Sources */,
				6EA867CF23516E7000EDC0B4 /* API.swift in Sources */,
				6EA867AA23515FCB00EDC0B4 /* AppCoordinator.swift in Sources */,
				6EAAB9CD2352051C0059EE4B /* UpcomingViewModelCoordinadorDelegate.swift in Sources */,
				6EA867E923517D1E00EDC0B4 /* MovieDetailsViewModel.swift in Sources */,
			);
			runOnlyForDeploymentPostprocessing = 0;
		};
		6EA86782235155A100EDC0B4 /* Sources */ = {
			isa = PBXSourcesBuildPhase;
			buildActionMask = 2147483647;
			files = (
				6EA8678B235155A200EDC0B4 /* TheMovieTests.swift in Sources */,
			);
			runOnlyForDeploymentPostprocessing = 0;
		};
		6EA8678D235155A200EDC0B4 /* Sources */ = {
			isa = PBXSourcesBuildPhase;
			buildActionMask = 2147483647;
			files = (
				6EA86796235155A200EDC0B4 /* TheMovieUITests.swift in Sources */,
			);
			runOnlyForDeploymentPostprocessing = 0;
		};
/* End PBXSourcesBuildPhase section */

/* Begin PBXTargetDependency section */
		6EA86788235155A100EDC0B4 /* PBXTargetDependency */ = {
			isa = PBXTargetDependency;
			target = 6EA8676C2351559F00EDC0B4 /* TheMovie */;
			targetProxy = 6EA86787235155A100EDC0B4 /* PBXContainerItemProxy */;
		};
		6EA86793235155A200EDC0B4 /* PBXTargetDependency */ = {
			isa = PBXTargetDependency;
			target = 6EA8676C2351559F00EDC0B4 /* TheMovie */;
			targetProxy = 6EA86792235155A200EDC0B4 /* PBXContainerItemProxy */;
		};
/* End PBXTargetDependency section */

/* Begin PBXVariantGroup section */
		6EA8677E235155A100EDC0B4 /* LaunchScreen.storyboard */ = {
			isa = PBXVariantGroup;
			children = (
				6EA8677F235155A100EDC0B4 /* Base */,
			);
			name = LaunchScreen.storyboard;
			sourceTree = "<group>";
		};
/* End PBXVariantGroup section */

/* Begin XCBuildConfiguration section */
		6EA86798235155A200EDC0B4 /* Debug */ = {
			isa = XCBuildConfiguration;
			buildSettings = {
				ALWAYS_SEARCH_USER_PATHS = NO;
				CLANG_ANALYZER_NONNULL = YES;
				CLANG_ANALYZER_NUMBER_OBJECT_CONVERSION = YES_AGGRESSIVE;
				CLANG_CXX_LANGUAGE_STANDARD = "gnu++14";
				CLANG_CXX_LIBRARY = "libc++";
				CLANG_ENABLE_MODULES = YES;
				CLANG_ENABLE_OBJC_ARC = YES;
				CLANG_ENABLE_OBJC_WEAK = YES;
				CLANG_WARN_BLOCK_CAPTURE_AUTORELEASING = YES;
				CLANG_WARN_BOOL_CONVERSION = YES;
				CLANG_WARN_COMMA = YES;
				CLANG_WARN_CONSTANT_CONVERSION = YES;
				CLANG_WARN_DEPRECATED_OBJC_IMPLEMENTATIONS = YES;
				CLANG_WARN_DIRECT_OBJC_ISA_USAGE = YES_ERROR;
				CLANG_WARN_DOCUMENTATION_COMMENTS = YES;
				CLANG_WARN_EMPTY_BODY = YES;
				CLANG_WARN_ENUM_CONVERSION = YES;
				CLANG_WARN_INFINITE_RECURSION = YES;
				CLANG_WARN_INT_CONVERSION = YES;
				CLANG_WARN_NON_LITERAL_NULL_CONVERSION = YES;
				CLANG_WARN_OBJC_IMPLICIT_RETAIN_SELF = YES;
				CLANG_WARN_OBJC_LITERAL_CONVERSION = YES;
				CLANG_WARN_OBJC_ROOT_CLASS = YES_ERROR;
				CLANG_WARN_RANGE_LOOP_ANALYSIS = YES;
				CLANG_WARN_STRICT_PROTOTYPES = YES;
				CLANG_WARN_SUSPICIOUS_MOVE = YES;
				CLANG_WARN_UNGUARDED_AVAILABILITY = YES_AGGRESSIVE;
				CLANG_WARN_UNREACHABLE_CODE = YES;
				CLANG_WARN__DUPLICATE_METHOD_MATCH = YES;
				COPY_PHASE_STRIP = NO;
				DEBUG_INFORMATION_FORMAT = dwarf;
				ENABLE_STRICT_OBJC_MSGSEND = YES;
				ENABLE_TESTABILITY = YES;
				GCC_C_LANGUAGE_STANDARD = gnu11;
				GCC_DYNAMIC_NO_PIC = NO;
				GCC_NO_COMMON_BLOCKS = YES;
				GCC_OPTIMIZATION_LEVEL = 0;
				GCC_PREPROCESSOR_DEFINITIONS = (
					"DEBUG=1",
					"$(inherited)",
				);
				GCC_WARN_64_TO_32_BIT_CONVERSION = YES;
				GCC_WARN_ABOUT_RETURN_TYPE = YES_ERROR;
				GCC_WARN_UNDECLARED_SELECTOR = YES;
				GCC_WARN_UNINITIALIZED_AUTOS = YES_AGGRESSIVE;
				GCC_WARN_UNUSED_FUNCTION = YES;
				GCC_WARN_UNUSED_VARIABLE = YES;
				IPHONEOS_DEPLOYMENT_TARGET = 13.0;
				MTL_ENABLE_DEBUG_INFO = INCLUDE_SOURCE;
				MTL_FAST_MATH = YES;
				ONLY_ACTIVE_ARCH = YES;
				SDKROOT = iphoneos;
				SWIFT_ACTIVE_COMPILATION_CONDITIONS = DEBUG;
				SWIFT_OPTIMIZATION_LEVEL = "-Onone";
			};
			name = Debug;
		};
		6EA86799235155A200EDC0B4 /* Release */ = {
			isa = XCBuildConfiguration;
			buildSettings = {
				ALWAYS_SEARCH_USER_PATHS = NO;
				CLANG_ANALYZER_NONNULL = YES;
				CLANG_ANALYZER_NUMBER_OBJECT_CONVERSION = YES_AGGRESSIVE;
				CLANG_CXX_LANGUAGE_STANDARD = "gnu++14";
				CLANG_CXX_LIBRARY = "libc++";
				CLANG_ENABLE_MODULES = YES;
				CLANG_ENABLE_OBJC_ARC = YES;
				CLANG_ENABLE_OBJC_WEAK = YES;
				CLANG_WARN_BLOCK_CAPTURE_AUTORELEASING = YES;
				CLANG_WARN_BOOL_CONVERSION = YES;
				CLANG_WARN_COMMA = YES;
				CLANG_WARN_CONSTANT_CONVERSION = YES;
				CLANG_WARN_DEPRECATED_OBJC_IMPLEMENTATIONS = YES;
				CLANG_WARN_DIRECT_OBJC_ISA_USAGE = YES_ERROR;
				CLANG_WARN_DOCUMENTATION_COMMENTS = YES;
				CLANG_WARN_EMPTY_BODY = YES;
				CLANG_WARN_ENUM_CONVERSION = YES;
				CLANG_WARN_INFINITE_RECURSION = YES;
				CLANG_WARN_INT_CONVERSION = YES;
				CLANG_WARN_NON_LITERAL_NULL_CONVERSION = YES;
				CLANG_WARN_OBJC_IMPLICIT_RETAIN_SELF = YES;
				CLANG_WARN_OBJC_LITERAL_CONVERSION = YES;
				CLANG_WARN_OBJC_ROOT_CLASS = YES_ERROR;
				CLANG_WARN_RANGE_LOOP_ANALYSIS = YES;
				CLANG_WARN_STRICT_PROTOTYPES = YES;
				CLANG_WARN_SUSPICIOUS_MOVE = YES;
				CLANG_WARN_UNGUARDED_AVAILABILITY = YES_AGGRESSIVE;
				CLANG_WARN_UNREACHABLE_CODE = YES;
				CLANG_WARN__DUPLICATE_METHOD_MATCH = YES;
				COPY_PHASE_STRIP = NO;
				DEBUG_INFORMATION_FORMAT = "dwarf-with-dsym";
				ENABLE_NS_ASSERTIONS = NO;
				ENABLE_STRICT_OBJC_MSGSEND = YES;
				GCC_C_LANGUAGE_STANDARD = gnu11;
				GCC_NO_COMMON_BLOCKS = YES;
				GCC_WARN_64_TO_32_BIT_CONVERSION = YES;
				GCC_WARN_ABOUT_RETURN_TYPE = YES_ERROR;
				GCC_WARN_UNDECLARED_SELECTOR = YES;
				GCC_WARN_UNINITIALIZED_AUTOS = YES_AGGRESSIVE;
				GCC_WARN_UNUSED_FUNCTION = YES;
				GCC_WARN_UNUSED_VARIABLE = YES;
				IPHONEOS_DEPLOYMENT_TARGET = 13.0;
				MTL_ENABLE_DEBUG_INFO = NO;
				MTL_FAST_MATH = YES;
				SDKROOT = iphoneos;
				SWIFT_COMPILATION_MODE = wholemodule;
				SWIFT_OPTIMIZATION_LEVEL = "-O";
				VALIDATE_PRODUCT = YES;
			};
			name = Release;
		};
		6EA8679B235155A200EDC0B4 /* Debug */ = {
			isa = XCBuildConfiguration;
			baseConfigurationReference = 4A20A2B72854BD78AE2F1AB9 /* Pods-TheMovie.debug.xcconfig */;
			buildSettings = {
				ASSETCATALOG_COMPILER_APPICON_NAME = AppIcon;
				CODE_SIGN_STYLE = Automatic;
				DEVELOPMENT_TEAM = K263L273XJ;
				INFOPLIST_FILE = TheMovie/Info.plist;
				LD_RUNPATH_SEARCH_PATHS = (
					"$(inherited)",
					"@executable_path/Frameworks",
				);
				PRODUCT_BUNDLE_IDENTIFIER = br.com.vinicius.duarte.TheMovie;
				PRODUCT_NAME = "$(TARGET_NAME)";
				SWIFT_VERSION = 5.0;
				TARGETED_DEVICE_FAMILY = "1,2";
			};
			name = Debug;
		};
		6EA8679C235155A200EDC0B4 /* Release */ = {
			isa = XCBuildConfiguration;
			baseConfigurationReference = 6103D9B0CFFAFADD63AD43A2 /* Pods-TheMovie.release.xcconfig */;
			buildSettings = {
				ASSETCATALOG_COMPILER_APPICON_NAME = AppIcon;
				CODE_SIGN_STYLE = Automatic;
				DEVELOPMENT_TEAM = K263L273XJ;
				INFOPLIST_FILE = TheMovie/Info.plist;
				LD_RUNPATH_SEARCH_PATHS = (
					"$(inherited)",
					"@executable_path/Frameworks",
				);
				PRODUCT_BUNDLE_IDENTIFIER = br.com.vinicius.duarte.TheMovie;
				PRODUCT_NAME = "$(TARGET_NAME)";
				SWIFT_VERSION = 5.0;
				TARGETED_DEVICE_FAMILY = "1,2";
			};
			name = Release;
		};
		6EA8679E235155A200EDC0B4 /* Debug */ = {
			isa = XCBuildConfiguration;
			baseConfigurationReference = 64BEC427B7DE80084B9D632E /* Pods-TheMovieTests.debug.xcconfig */;
			buildSettings = {
				ALWAYS_EMBED_SWIFT_STANDARD_LIBRARIES = YES;
				BUNDLE_LOADER = "$(TEST_HOST)";
				CODE_SIGN_STYLE = Automatic;
				DEVELOPMENT_TEAM = K263L273XJ;
				INFOPLIST_FILE = TheMovieTests/Info.plist;
				IPHONEOS_DEPLOYMENT_TARGET = 13.0;
				LD_RUNPATH_SEARCH_PATHS = (
					"$(inherited)",
					"@executable_path/Frameworks",
					"@loader_path/Frameworks",
				);
				PRODUCT_BUNDLE_IDENTIFIER = br.com.vinicius.duarte.TheMovieTests;
				PRODUCT_NAME = "$(TARGET_NAME)";
				SWIFT_VERSION = 5.0;
				TARGETED_DEVICE_FAMILY = "1,2";
				TEST_HOST = "$(BUILT_PRODUCTS_DIR)/TheMovie.app/TheMovie";
			};
			name = Debug;
		};
		6EA8679F235155A200EDC0B4 /* Release */ = {
			isa = XCBuildConfiguration;
			baseConfigurationReference = 86C361B1029C916D5A0CD0DE /* Pods-TheMovieTests.release.xcconfig */;
			buildSettings = {
				ALWAYS_EMBED_SWIFT_STANDARD_LIBRARIES = YES;
				BUNDLE_LOADER = "$(TEST_HOST)";
				CODE_SIGN_STYLE = Automatic;
				DEVELOPMENT_TEAM = K263L273XJ;
				INFOPLIST_FILE = TheMovieTests/Info.plist;
				IPHONEOS_DEPLOYMENT_TARGET = 13.0;
				LD_RUNPATH_SEARCH_PATHS = (
					"$(inherited)",
					"@executable_path/Frameworks",
					"@loader_path/Frameworks",
				);
				PRODUCT_BUNDLE_IDENTIFIER = br.com.vinicius.duarte.TheMovieTests;
				PRODUCT_NAME = "$(TARGET_NAME)";
				SWIFT_VERSION = 5.0;
				TARGETED_DEVICE_FAMILY = "1,2";
				TEST_HOST = "$(BUILT_PRODUCTS_DIR)/TheMovie.app/TheMovie";
			};
			name = Release;
		};
		6EA867A1235155A200EDC0B4 /* Debug */ = {
			isa = XCBuildConfiguration;
			baseConfigurationReference = 7B9FD19FBAECBDCFD21006A0 /* Pods-TheMovieUITests.debug.xcconfig */;
			buildSettings = {
				ALWAYS_EMBED_SWIFT_STANDARD_LIBRARIES = YES;
				CODE_SIGN_STYLE = Automatic;
				DEVELOPMENT_TEAM = K263L273XJ;
				INFOPLIST_FILE = TheMovieUITests/Info.plist;
				LD_RUNPATH_SEARCH_PATHS = (
					"$(inherited)",
					"@executable_path/Frameworks",
					"@loader_path/Frameworks",
				);
				PRODUCT_BUNDLE_IDENTIFIER = br.com.vinicius.duarte.TheMovieUITests;
				PRODUCT_NAME = "$(TARGET_NAME)";
				SWIFT_VERSION = 5.0;
				TARGETED_DEVICE_FAMILY = "1,2";
				TEST_TARGET_NAME = TheMovie;
			};
			name = Debug;
		};
		6EA867A2235155A200EDC0B4 /* Release */ = {
			isa = XCBuildConfiguration;
			baseConfigurationReference = 26D530592825F55EC46E6106 /* Pods-TheMovieUITests.release.xcconfig */;
			buildSettings = {
				ALWAYS_EMBED_SWIFT_STANDARD_LIBRARIES = YES;
				CODE_SIGN_STYLE = Automatic;
				DEVELOPMENT_TEAM = K263L273XJ;
				INFOPLIST_FILE = TheMovieUITests/Info.plist;
				LD_RUNPATH_SEARCH_PATHS = (
					"$(inherited)",
					"@executable_path/Frameworks",
					"@loader_path/Frameworks",
				);
				PRODUCT_BUNDLE_IDENTIFIER = br.com.vinicius.duarte.TheMovieUITests;
				PRODUCT_NAME = "$(TARGET_NAME)";
				SWIFT_VERSION = 5.0;
				TARGETED_DEVICE_FAMILY = "1,2";
				TEST_TARGET_NAME = TheMovie;
			};
			name = Release;
		};
/* End XCBuildConfiguration section */

/* Begin XCConfigurationList section */
		6EA867682351559F00EDC0B4 /* Build configuration list for PBXProject "TheMovie" */ = {
			isa = XCConfigurationList;
			buildConfigurations = (
				6EA86798235155A200EDC0B4 /* Debug */,
				6EA86799235155A200EDC0B4 /* Release */,
			);
			defaultConfigurationIsVisible = 0;
			defaultConfigurationName = Release;
		};
		6EA8679A235155A200EDC0B4 /* Build configuration list for PBXNativeTarget "TheMovie" */ = {
			isa = XCConfigurationList;
			buildConfigurations = (
				6EA8679B235155A200EDC0B4 /* Debug */,
				6EA8679C235155A200EDC0B4 /* Release */,
			);
			defaultConfigurationIsVisible = 0;
			defaultConfigurationName = Release;
		};
		6EA8679D235155A200EDC0B4 /* Build configuration list for PBXNativeTarget "TheMovieTests" */ = {
			isa = XCConfigurationList;
			buildConfigurations = (
				6EA8679E235155A200EDC0B4 /* Debug */,
				6EA8679F235155A200EDC0B4 /* Release */,
			);
			defaultConfigurationIsVisible = 0;
			defaultConfigurationName = Release;
		};
		6EA867A0235155A200EDC0B4 /* Build configuration list for PBXNativeTarget "TheMovieUITests" */ = {
			isa = XCConfigurationList;
			buildConfigurations = (
				6EA867A1235155A200EDC0B4 /* Debug */,
				6EA867A2235155A200EDC0B4 /* Release */,
			);
			defaultConfigurationIsVisible = 0;
			defaultConfigurationName = Release;
		};
/* End XCConfigurationList section */

/* Begin XCVersionGroup section */
		6EA867792351559F00EDC0B4 /* TheMovie.xcdatamodeld */ = {
			isa = XCVersionGroup;
			children = (
				6EA8677A2351559F00EDC0B4 /* TheMovie.xcdatamodel */,
			);
			currentVersion = 6EA8677A2351559F00EDC0B4 /* TheMovie.xcdatamodel */;
			path = TheMovie.xcdatamodeld;
			sourceTree = "<group>";
			versionGroupType = wrapper.xcdatamodel;
		};
/* End XCVersionGroup section */
	};
	rootObject = 6EA867652351559F00EDC0B4 /* Project object */;
}
